
Microsoft Visual Studio Solution File, Format Version 12.00
# Visual Studio Version 16
VisualStudioVersion = 16.0.30907.101
MinimumVisualStudioVersion = 10.0.40219.1
Project("{FAE04EC0-301F-11D3-BF4B-00C04F79EFBC}") = "SuperGeyser2", "SuperGeyser2\SuperGeyser2.csproj", "{BFE6B70C-B196-45DC-BF28-31B8FE84ACBA}"
EndProject
Global
	GlobalSection(SolutionConfigurationPlatforms) = preSolution
		Debug|Any CPU = Debug|Any CPU
		Release|Any CPU = Release|Any CPU
	EndGlobalSection
	GlobalSection(ProjectConfigurationPlatforms) = postSolution
		{BFE6B70C-B196-45DC-BF28-31B8FE84ACBA}.Debug|Any CPU.ActiveCfg = Debug|Any CPU
		{BFE6B70C-B196-45DC-BF28-31B8FE84ACBA}.Debug|Any CPU.Build.0 = Debug|Any CPU
		{BFE6B70C-B196-45DC-BF28-31B8FE84ACBA}.Release|Any CPU.ActiveCfg = Release|Any CPU
		{BFE6B70C-B196-45DC-BF28-31B8FE84ACBA}.Release|Any CPU.Build.0 = Release|Any CPU
	EndGlobalSection
	GlobalSection(SolutionProperties) = preSolution
		HideSolutionNode = FALSE
	EndGlobalSection
	GlobalSection(ExtensibilityGlobals) = postSolution
		SolutionGuid = {D4EE3DE6-7BD1-4988-A196-D69A11751063}
	EndGlobalSection
EndGlobal
