
Microsoft Visual Studio Solution File, Format Version 12.00
# Visual Studio Version 16
VisualStudioVersion = 16.0.31515.178
MinimumVisualStudioVersion = 10.0.40219.1
Project("{FAE04EC0-301F-11D3-BF4B-00C04F79EFBC}") = "ONI Mod1", "ONI Mod1\ONI Mod1.csproj", "{F14AFB93-7A28-4EBF-984E-E3B4B2743B84}"
EndProject
Global
	GlobalSection(SolutionConfigurationPlatforms) = preSolution
		Debug|Any CPU = Debug|Any CPU
		Release|Any CPU = Release|Any CPU
	EndGlobalSection
	GlobalSection(ProjectConfigurationPlatforms) = postSolution
		{F14AFB93-7A28-4EBF-984E-E3B4B2743B84}.Debug|Any CPU.ActiveCfg = Debug|Any CPU
		{F14AFB93-7A28-4EBF-984E-E3B4B2743B84}.Debug|Any CPU.Build.0 = Debug|Any CPU
		{F14AFB93-7A28-4EBF-984E-E3B4B2743B84}.Release|Any CPU.ActiveCfg = Release|Any CPU
		{F14AFB93-7A28-4EBF-984E-E3B4B2743B84}.Release|Any CPU.Build.0 = Release|Any CPU
	EndGlobalSection
	GlobalSection(SolutionProperties) = preSolution
		HideSolutionNode = FALSE
	EndGlobalSection
	GlobalSection(ExtensibilityGlobals) = postSolution
		SolutionGuid = {0A1805DB-FF51-4DB3-A405-8F2D850900A9}
	EndGlobalSection
EndGlobal
